<?xml version="1.0" encoding="utf-8"?>
<Project ToolsVersion="4.0" xmlns="http://schemas.microsoft.com/developer/msbuild/2003">
  <ItemGroup>
    <Filter Include="소스 파일">
      <UniqueIdentifier>{4FC737F1-C7A5-4376-A066-2A32D752A2FF}</UniqueIdentifier>
      <Extensions>cpp;c;cc;cxx;def;odl;idl;hpj;bat;asm;asmx</Extensions>
    </Filter>
    <Filter Include="헤더 파일">
      <UniqueIdentifier>{93995380-89BD-4b04-88EB-625FBE52EBFB}</UniqueIdentifier>
      <Extensions>h;hh;hpp;hxx;hm;inl;inc;xsd</Extensions>
    </Filter>
    <Filter Include="리소스 파일">
      <UniqueIdentifier>{67DA6AB6-F800-4c08-8B7A-83BB121AAD01}</UniqueIdentifier>
      <Extensions>rc;ico;cur;bmp;dlg;rc2;rct;bin;rgs;gif;jpg;jpeg;jpe;resx;tiff;tif;png;wav;mfcribbon-ms</Extensions>
    </Filter>
    <Filter Include="Meshes">
      <UniqueIdentifier>{d2851e0a-7b6c-4fb7-8c91-17185cb42f90}</UniqueIdentifier>
    </Filter>
    <Filter Include="Objects">
      <UniqueIdentifier>{8c436a90-f593-464e-9283-f244c631b8a6}</UniqueIdentifier>
    </Filter>
    <Filter Include="Shaders">
      <UniqueIdentifier>{c76ffd82-31f4-424a-8cac-b8fa67cd6ef6}</UniqueIdentifier>
    </Filter>
    <Filter Include="Scenes">
      <UniqueIdentifier>{458b06e9-a6dc-48ae-9b32-4bb80ead7b47}</UniqueIdentifier>
    </Filter>
    <Filter Include="Camera">
      <UniqueIdentifier>{957db175-7104-4de9-87e7-552c02c4624f}</UniqueIdentifier>
    </Filter>
    <Filter Include="Player">
      <UniqueIdentifier>{94f6650f-ae39-4908-b23f-df7f64a54719}</UniqueIdentifier>
    </Filter>
    <Filter Include="Utiles">
      <UniqueIdentifier>{d49f101f-4ce7-4cfa-8a43-3391ff3e7b70}</UniqueIdentifier>
    </Filter>
    <Filter Include="Utiles\FBXDataManager">
      <UniqueIdentifier>{647c35aa-d157-4ea3-8613-0e468b83c4df}</UniqueIdentifier>
    </Filter>
    <Filter Include="Utiles\DDSTextureLoader">
      <UniqueIdentifier>{a23b1278-bbc3-4862-b919-1ca44304c2ba}</UniqueIdentifier>
    </Filter>
    <Filter Include="Utiles\Timer">
      <UniqueIdentifier>{320a4ded-528d-45eb-a2db-88f6d9e05772}</UniqueIdentifier>
    </Filter>
    <Filter Include="Terrain">
      <UniqueIdentifier>{d30d9a0f-2c11-4eed-9482-dc02006dbb07}</UniqueIdentifier>
    </Filter>
    <Filter Include="Animation">
      <UniqueIdentifier>{ec02e215-7b15-4219-8a39-b31c244eef4b}</UniqueIdentifier>
    </Filter>
  </ItemGroup>
  <ItemGroup>
    <Text Include="ReadMe.txt" />
  </ItemGroup>
  <ItemGroup>
    <ClInclude Include="stdafx.h">
      <Filter>헤더 파일</Filter>
    </ClInclude>
    <ClInclude Include="targetver.h">
      <Filter>헤더 파일</Filter>
    </ClInclude>
    <ClInclude Include="Resource.h">
      <Filter>헤더 파일</Filter>
    </ClInclude>
    <ClInclude Include="LabProject08-8.h">
      <Filter>헤더 파일</Filter>
    </ClInclude>
    <ClInclude Include="GameFramework.h">
      <Filter>헤더 파일</Filter>
    </ClInclude>
    <ClInclude Include="Object.h">
      <Filter>Objects</Filter>
    </ClInclude>
    <ClInclude Include="CSolidCube.h">
      <Filter>Objects</Filter>
    </ClInclude>
    <ClInclude Include="Mesh.h">
      <Filter>Meshes</Filter>
    </ClInclude>
    <ClInclude Include="Shader.h">
      <Filter>Shaders</Filter>
    </ClInclude>
    <ClInclude Include="Scene.h">
      <Filter>Scenes</Filter>
    </ClInclude>
    <ClInclude Include="CDiffusedCubeMesh.h">
      <Filter>Meshes</Filter>
    </ClInclude>
    <ClInclude Include="CDiffusedShader.h">
      <Filter>Shaders</Filter>
    </ClInclude>
    <ClInclude Include="CDataMesh.h">
      <Filter>Meshes</Filter>
    </ClInclude>
    <ClInclude Include="Player.h">
      <Filter>Player</Filter>
    </ClInclude>
    <ClInclude Include="Camera.h">
      <Filter>Camera</Filter>
    </ClInclude>
    <ClInclude Include="FBXDataManager.h">
      <Filter>Utiles\FBXDataManager</Filter>
    </ClInclude>
    <ClInclude Include="ConverterNameSpace.h">
      <Filter>Utiles\FBXDataManager</Filter>
    </ClInclude>
    <ClInclude Include="DDSTextureLoader12.h">
      <Filter>Utiles\DDSTextureLoader</Filter>
    </ClInclude>
    <ClInclude Include="Timer.h">
      <Filter>Utiles\Timer</Filter>
    </ClInclude>
    <ClInclude Include="CDataShader.h">
      <Filter>Shaders</Filter>
    </ClInclude>
    <ClInclude Include="CModelObject.h">
      <Filter>Objects</Filter>
    </ClInclude>
    <ClInclude Include="TerrainObject.h">
      <Filter>Terrain</Filter>
    </ClInclude>
    <ClInclude Include="TerrainShader.h">
      <Filter>Terrain</Filter>
    </ClInclude>
    <ClInclude Include="AnimationController.h">
      <Filter>Animation</Filter>
    </ClInclude>
  </ItemGroup>
  <ItemGroup>
    <ClCompile Include="stdafx.cpp">
      <Filter>소스 파일</Filter>
    </ClCompile>
    <ClCompile Include="LabProject08-8.cpp">
      <Filter>소스 파일</Filter>
    </ClCompile>
    <ClCompile Include="GameFramework.cpp">
      <Filter>소스 파일</Filter>
    </ClCompile>
    <ClCompile Include="Object.cpp">
      <Filter>Objects</Filter>
    </ClCompile>
    <ClCompile Include="CSolidCube.cpp">
      <Filter>Objects</Filter>
    </ClCompile>
    <ClCompile Include="Mesh.cpp">
      <Filter>Meshes</Filter>
    </ClCompile>
    <ClCompile Include="Shader.cpp">
      <Filter>Shaders</Filter>
    </ClCompile>
    <ClCompile Include="Scene.cpp">
      <Filter>Scenes</Filter>
    </ClCompile>
    <ClCompile Include="CDiffusedCubeMesh.cpp">
      <Filter>Meshes</Filter>
    </ClCompile>
    <ClCompile Include="CDiffusedShader.cpp">
      <Filter>Shaders</Filter>
    </ClCompile>
    <ClCompile Include="CDataMesh.cpp">
      <Filter>Meshes</Filter>
    </ClCompile>
    <ClCompile Include="Player.cpp">
      <Filter>Player</Filter>
    </ClCompile>
    <ClCompile Include="Camera.cpp">
      <Filter>Camera</Filter>
    </ClCompile>
    <ClCompile Include="FBXDataManager.cpp">
      <Filter>Utiles\FBXDataManager</Filter>
    </ClCompile>
    <ClCompile Include="DDSTextureLoader12.cpp">
      <Filter>Utiles\DDSTextureLoader</Filter>
    </ClCompile>
    <ClCompile Include="Timer.cpp">
      <Filter>Utiles\Timer</Filter>
    </ClCompile>
    <ClCompile Include="CDataShader.cpp">
      <Filter>Shaders</Filter>
    </ClCompile>
    <ClCompile Include="CModelObject.cpp">
      <Filter>Objects</Filter>
    </ClCompile>
    <ClCompile Include="TerrainShader.cpp">
      <Filter>Terrain</Filter>
    </ClCompile>
    <ClCompile Include="TerrainObject.cpp">
      <Filter>Terrain</Filter>
    </ClCompile>
    <ClCompile Include="AnimationController.cpp">
      <Filter>Animation</Filter>
    </ClCompile>
  </ItemGroup>
  <ItemGroup>
    <ResourceCompile Include="LabProject08-8.rc">
      <Filter>리소스 파일</Filter>
    </ResourceCompile>
  </ItemGroup>
  <ItemGroup>
    <Image Include="small.ico">
      <Filter>리소스 파일</Filter>
    </Image>
    <Image Include="LabProject08-8.ico">
      <Filter>리소스 파일</Filter>
    </Image>
  </ItemGroup>
  <ItemGroup>
    <None Include="Light.hlsl" />
    <None Include="Bone.hlsl" />
  </ItemGroup>
  <ItemGroup>
    <FxCompile Include="Shaders.hlsl" />
  </ItemGroup>
</Project>