
Microsoft Visual Studio Solution File, Format Version 12.00
# Visual Studio 15
VisualStudioVersion = 15.0.27703.2018
MinimumVisualStudioVersion = 10.0.40219.1
Project("{8BC9CEB8-8B4A-11D0-8D11-00A0C91BC942}") = "Server", "Server\Server.vcxproj", "{AC99F47E-AECB-4F82-8C26-83A960588161}"
EndProject
Global
	GlobalSection(SolutionConfigurationPlatforms) = preSolution
		Debug|x64 = Debug|x64
		Debug|x86 = Debug|x86
		Release|x64 = Release|x64
		Release|x86 = Release|x86
	EndGlobalSection
	GlobalSection(ProjectConfigurationPlatforms) = postSolution
		{AC99F47E-AECB-4F82-8C26-83A960588161}.Debug|x64.ActiveCfg = Debug|x64
		{AC99F47E-AECB-4F82-8C26-83A960588161}.Debug|x64.Build.0 = Debug|x64
		{AC99F47E-AECB-4F82-8C26-83A960588161}.Debug|x86.ActiveCfg = Debug|Win32
		{AC99F47E-AECB-4F82-8C26-83A960588161}.Debug|x86.Build.0 = Debug|Win32
		{AC99F47E-AECB-4F82-8C26-83A960588161}.Release|x64.ActiveCfg = Release|x64
		{AC99F47E-AECB-4F82-8C26-83A960588161}.Release|x64.Build.0 = Release|x64
		{AC99F47E-AECB-4F82-8C26-83A960588161}.Release|x86.ActiveCfg = Release|Win32
		{AC99F47E-AECB-4F82-8C26-83A960588161}.Release|x86.Build.0 = Release|Win32
	EndGlobalSection
	GlobalSection(SolutionProperties) = preSolution
		HideSolutionNode = FALSE
	EndGlobalSection
	GlobalSection(ExtensibilityGlobals) = postSolution
		SolutionGuid = {733BD2F8-92B9-49DB-AB8E-5EE2B0CA8924}
	EndGlobalSection
EndGlobal
