<?xml version="1.0" encoding="utf-8"?>
<Project ToolsVersion="4.0" xmlns="http://schemas.microsoft.com/developer/msbuild/2003">
  <ItemGroup>
    <Filter Include="리소스 파일">
      <UniqueIdentifier>{67DA6AB6-F800-4c08-8B7A-83BB121AAD01}</UniqueIdentifier>
      <Extensions>rc;ico;cur;bmp;dlg;rc2;rct;bin;rgs;gif;jpg;jpeg;jpe;resx;tiff;tif;png;wav;mfcribbon-ms</Extensions>
    </Filter>
    <Filter Include="코드 파일">
      <UniqueIdentifier>{36721496-4a48-4c48-b7e4-8c2f6be21951}</UniqueIdentifier>
    </Filter>
    <Filter Include="코드 파일\Framework">
      <UniqueIdentifier>{b4b44476-6390-4ff5-85f4-332f16c4e8dd}</UniqueIdentifier>
    </Filter>
    <Filter Include="코드 파일\Scene">
      <UniqueIdentifier>{25f015e1-47c0-46cb-8309-7882a20007a9}</UniqueIdentifier>
    </Filter>
    <Filter Include="코드 파일\Camera">
      <UniqueIdentifier>{c5a895b7-c72f-4eac-8476-8f1d6a9bc28a}</UniqueIdentifier>
    </Filter>
    <Filter Include="코드 파일\Timer">
      <UniqueIdentifier>{675dd0a5-9417-4cba-9fa4-54da317c61ec}</UniqueIdentifier>
    </Filter>
    <Filter Include="코드 파일\Scene\TitleScene">
      <UniqueIdentifier>{346c576a-a858-437b-99a4-dffbf6c25d83}</UniqueIdentifier>
    </Filter>
    <Filter Include="코드 파일\Scene\LobbyScene">
      <UniqueIdentifier>{01d8d3a6-a6e2-4e74-8212-6fde701cadbd}</UniqueIdentifier>
    </Filter>
    <Filter Include="코드 파일\Scene\MainPlayScene">
      <UniqueIdentifier>{5a23b2f7-c1a3-4551-9b73-ddc241bb8743}</UniqueIdentifier>
    </Filter>
    <Filter Include="코드 파일\Scene\ResultScene">
      <UniqueIdentifier>{cab8ca2b-e68f-4a59-9215-fe0d6bf4db12}</UniqueIdentifier>
    </Filter>
    <Filter Include="코드 파일\PipelineStateObject">
      <UniqueIdentifier>{81b34362-1fce-4f2a-a57c-f654371d7565}</UniqueIdentifier>
    </Filter>
    <Filter Include="코드 파일\Object">
      <UniqueIdentifier>{3fc7b618-09c2-4ce5-b616-be503c7d3bc6}</UniqueIdentifier>
    </Filter>
    <Filter Include="코드 파일\Resource">
      <UniqueIdentifier>{ac108eb1-d1b4-401a-8ba6-e08b368625dd}</UniqueIdentifier>
    </Filter>
    <Filter Include="코드 파일\Resource\Mesh">
      <UniqueIdentifier>{0256124d-9da4-4a3e-af49-71344410f3f5}</UniqueIdentifier>
    </Filter>
    <Filter Include="코드 파일\Resource\Importer">
      <UniqueIdentifier>{8ec42b73-8256-4883-b8c1-4bf1ea88b6ba}</UniqueIdentifier>
    </Filter>
    <Filter Include="코드 파일\Resource\Model">
      <UniqueIdentifier>{6cd0bd6e-afcb-4448-b086-68761d8848b4}</UniqueIdentifier>
    </Filter>
    <Filter Include="코드 파일\Resource\Texture">
      <UniqueIdentifier>{b4838cab-b590-4ed6-9863-dfeda4d84d73}</UniqueIdentifier>
    </Filter>
    <Filter Include="코드 파일\Resource\Vertex">
      <UniqueIdentifier>{32901576-fd8c-4047-b2c4-bb3f48ff9022}</UniqueIdentifier>
    </Filter>
    <Filter Include="코드 파일\PCH">
      <UniqueIdentifier>{6c94eec6-92da-4ccd-8202-a8fb681e26dc}</UniqueIdentifier>
    </Filter>
    <Filter Include="코드 파일\PCH\Project">
      <UniqueIdentifier>{7436065c-9c80-415a-adc6-3aea2770ac2d}</UniqueIdentifier>
    </Filter>
    <Filter Include="코드 파일\Object\Collider">
      <UniqueIdentifier>{3a4009f1-efd6-4012-b868-d370e93554c6}</UniqueIdentifier>
    </Filter>
    <Filter Include="코드 파일\PCH\External">
      <UniqueIdentifier>{73eaaee1-d45c-4bb4-bdb4-879ef97e16e4}</UniqueIdentifier>
    </Filter>
  </ItemGroup>
  <ItemGroup>
    <ClInclude Include="Project.h">
      <Filter>코드 파일\PCH\Project</Filter>
    </ClInclude>
    <ClInclude Include="Resource.h">
      <Filter>코드 파일\PCH\Project</Filter>
    </ClInclude>
    <ClInclude Include="stdafx.h">
      <Filter>코드 파일\PCH</Filter>
    </ClInclude>
    <ClInclude Include="Framework.h">
      <Filter>코드 파일\Framework</Filter>
    </ClInclude>
    <ClInclude Include="Scene.h">
      <Filter>코드 파일\Scene</Filter>
    </ClInclude>
    <ClInclude Include="Camera.h">
      <Filter>코드 파일\Camera</Filter>
    </ClInclude>
    <ClInclude Include="Timer.h">
      <Filter>코드 파일\Timer</Filter>
    </ClInclude>
    <ClInclude Include="TitleScene.h">
      <Filter>코드 파일\Scene\TitleScene</Filter>
    </ClInclude>
    <ClInclude Include="MainPlayScene.h">
      <Filter>코드 파일\Scene\MainPlayScene</Filter>
    </ClInclude>
    <ClInclude Include="PipelineStateObject.h">
      <Filter>코드 파일\PipelineStateObject</Filter>
    </ClInclude>
    <ClInclude Include="Object.h">
      <Filter>코드 파일\Object</Filter>
    </ClInclude>
    <ClInclude Include="Mesh.h">
      <Filter>코드 파일\Resource\Mesh</Filter>
    </ClInclude>
    <ClInclude Include="Vertex.h">
      <Filter>코드 파일\Resource\Vertex</Filter>
    </ClInclude>
    <ClInclude Include="Importer.h">
      <Filter>코드 파일\Resource\Importer</Filter>
    </ClInclude>
    <ClInclude Include="Model.h">
      <Filter>코드 파일\Resource\Model</Filter>
    </ClInclude>
    <ClInclude Include="Texture.h">
      <Filter>코드 파일\Resource\Texture</Filter>
    </ClInclude>
    <ClInclude Include="Collider.h">
      <Filter>코드 파일\Object\Collider</Filter>
    </ClInclude>
    <ClInclude Include="DDSTextureLoader12.h">
      <Filter>코드 파일\PCH\External</Filter>
    </ClInclude>
    <ClInclude Include="MathHelper.h">
      <Filter>코드 파일\PCH</Filter>
    </ClInclude>
  </ItemGroup>
  <ItemGroup>
    <ClCompile Include="Project.cpp">
      <Filter>코드 파일\PCH\Project</Filter>
    </ClCompile>
    <ClCompile Include="stdafx.cpp">
      <Filter>코드 파일\PCH</Filter>
    </ClCompile>
    <ClCompile Include="Framework.cpp">
      <Filter>코드 파일\Framework</Filter>
    </ClCompile>
    <ClCompile Include="Scene.cpp">
      <Filter>코드 파일\Scene</Filter>
    </ClCompile>
    <ClCompile Include="Camera.cpp">
      <Filter>코드 파일\Camera</Filter>
    </ClCompile>
    <ClCompile Include="Timer.cpp">
      <Filter>코드 파일\Timer</Filter>
    </ClCompile>
    <ClCompile Include="TitleScene.cpp">
      <Filter>코드 파일\Scene\TitleScene</Filter>
    </ClCompile>
    <ClCompile Include="MainPlayScene.cpp">
      <Filter>코드 파일\Scene\MainPlayScene</Filter>
    </ClCompile>
    <ClCompile Include="PipelineStateObject.cpp">
      <Filter>코드 파일\PipelineStateObject</Filter>
    </ClCompile>
    <ClCompile Include="Object.cpp">
      <Filter>코드 파일\Object</Filter>
    </ClCompile>
    <ClCompile Include="Mesh.cpp">
      <Filter>코드 파일\Resource\Mesh</Filter>
    </ClCompile>
    <ClCompile Include="Vertex.cpp">
      <Filter>코드 파일\Resource\Vertex</Filter>
    </ClCompile>
    <ClCompile Include="Importer.cpp">
      <Filter>코드 파일\Resource\Importer</Filter>
    </ClCompile>
    <ClCompile Include="Model.cpp">
      <Filter>코드 파일\Resource\Model</Filter>
    </ClCompile>
    <ClCompile Include="Collider.cpp">
      <Filter>코드 파일\Object\Collider</Filter>
    </ClCompile>
    <ClCompile Include="Texture.cpp">
      <Filter>코드 파일\Resource\Texture</Filter>
    </ClCompile>
    <ClCompile Include="DDSTextureLoader12.cpp">
      <Filter>코드 파일\PCH\External</Filter>
    </ClCompile>
  </ItemGroup>
  <ItemGroup>
    <ResourceCompile Include="Project.rc">
      <Filter>리소스 파일</Filter>
    </ResourceCompile>
  </ItemGroup>
  <ItemGroup>
    <Image Include="small.ico">
      <Filter>리소스 파일</Filter>
    </Image>
    <Image Include="Project.ico">
      <Filter>리소스 파일</Filter>
    </Image>
  </ItemGroup>
  <ItemGroup>
    <None Include="HLSLHeader.hlsli" />
    <None Include="Lighting.hlsli" />
  </ItemGroup>
  <ItemGroup>
    <FxCompile Include="PS.hlsl" />
    <FxCompile Include="VS.hlsl" />
  </ItemGroup>
</Project>