<?xml version="1.0" encoding="utf-8"?>
<Project ToolsVersion="4.0" xmlns="http://schemas.microsoft.com/developer/msbuild/2003">
  <ItemGroup>
    <Filter Include="소스 파일">
      <UniqueIdentifier>{4FC737F1-C7A5-4376-A066-2A32D752A2FF}</UniqueIdentifier>
      <Extensions>cpp;c;cc;cxx;def;odl;idl;hpj;bat;asm;asmx</Extensions>
    </Filter>
    <Filter Include="리소스 파일">
      <UniqueIdentifier>{67DA6AB6-F800-4c08-8B7A-83BB121AAD01}</UniqueIdentifier>
      <Extensions>rc;ico;cur;bmp;dlg;rc2;rct;bin;rgs;gif;jpg;jpeg;jpe;resx;tiff;tif;png;wav;mfcribbon-ms</Extensions>
    </Filter>
    <Filter Include="소스 파일\Framework">
      <UniqueIdentifier>{c06d9690-da64-4059-9931-fe0c1c4c3a20}</UniqueIdentifier>
    </Filter>
    <Filter Include="소스 파일\DDSTextureLoader12">
      <UniqueIdentifier>{d87e9b4f-f65f-4631-a255-da431f0f7a94}</UniqueIdentifier>
    </Filter>
    <Filter Include="소스 파일\Scene">
      <UniqueIdentifier>{fa45ba69-307e-4249-ad18-bcf38fa0052f}</UniqueIdentifier>
    </Filter>
    <Filter Include="소스 파일\Object">
      <UniqueIdentifier>{325051c0-fe93-413c-ace2-cc7fa04e420c}</UniqueIdentifier>
    </Filter>
    <Filter Include="소스 파일\Mesh">
      <UniqueIdentifier>{bee88d48-c147-4437-bb83-daea5c947ba5}</UniqueIdentifier>
    </Filter>
    <Filter Include="소스 파일\Camera">
      <UniqueIdentifier>{a95bcdb7-ec7b-484b-a0d1-496728d26d95}</UniqueIdentifier>
    </Filter>
    <Filter Include="소스 파일\Timer">
      <UniqueIdentifier>{724f1c7d-729a-42e9-8269-d6f869058188}</UniqueIdentifier>
    </Filter>
    <Filter Include="소스 파일\Mesh\FBXData">
      <UniqueIdentifier>{81d14ca6-f80a-4d13-8288-9858939cb81f}</UniqueIdentifier>
    </Filter>
    <Filter Include="소스 파일\Mesh\LevelData">
      <UniqueIdentifier>{32551056-bae1-41bc-a613-41d4f9e98ad8}</UniqueIdentifier>
    </Filter>
    <Filter Include="소스 파일\Info">
      <UniqueIdentifier>{426803dd-8189-42ba-90f7-fad11145a45e}</UniqueIdentifier>
    </Filter>
    <Filter Include="소스 파일\Animation">
      <UniqueIdentifier>{1ff4ed94-a96e-4405-98cb-7c35cc9ac733}</UniqueIdentifier>
    </Filter>
    <Filter Include="소스 파일\PSO">
      <UniqueIdentifier>{1e5b2257-ce89-4e34-9f16-23c090883874}</UniqueIdentifier>
    </Filter>
    <Filter Include="소스 파일\Importer">
      <UniqueIdentifier>{2b0ae26b-dcef-46c8-a9f9-528f290e958d}</UniqueIdentifier>
    </Filter>
  </ItemGroup>
  <ItemGroup>
    <ClCompile Include="SourceFile\Scene\Scene.cpp">
      <Filter>소스 파일\Scene</Filter>
    </ClCompile>
    <ClCompile Include="SourceFile\Mesh\Mesh.cpp">
      <Filter>소스 파일\Mesh</Filter>
    </ClCompile>
    <ClCompile Include="SourceFile\Mesh\Model.cpp">
      <Filter>소스 파일\Mesh</Filter>
    </ClCompile>
    <ClCompile Include="SourceFile\Material\Material.cpp">
      <Filter>소스 파일\Mesh</Filter>
    </ClCompile>
    <ClCompile Include="SourceFile\Framework\Framework.cpp">
      <Filter>소스 파일\Framework</Filter>
    </ClCompile>
    <ClCompile Include="SourceFile\DDSTextureLoader12.cpp">
      <Filter>소스 파일\DDSTextureLoader12</Filter>
    </ClCompile>
    <ClCompile Include="SourceFile\Camera\Camera.cpp">
      <Filter>소스 파일\Camera</Filter>
    </ClCompile>
    <ClCompile Include="SourceFile\Animation\AnimationData.cpp">
      <Filter>소스 파일\Animation</Filter>
    </ClCompile>
    <ClCompile Include="SourceFile\Importer\Importer.cpp">
      <Filter>소스 파일\Importer</Filter>
    </ClCompile>
    <ClCompile Include="SourceFile\Object\Object.cpp">
      <Filter>소스 파일\Object</Filter>
    </ClCompile>
    <ClCompile Include="SourceFile\PSO.cpp">
      <Filter>소스 파일\PSO</Filter>
    </ClCompile>
    <ClCompile Include="SourceFile\Timer\Timer.cpp">
      <Filter>소스 파일\Timer</Filter>
    </ClCompile>
    <ClCompile Include="SourceFile\Morphosis.cpp">
      <Filter>소스 파일</Filter>
    </ClCompile>
    <ClCompile Include="SourceFile\stdafx.cpp">
      <Filter>소스 파일</Filter>
    </ClCompile>
    <ClCompile Include="SourceFile\Material\Texture.cpp">
      <Filter>소스 파일\Mesh</Filter>
    </ClCompile>
    <ClCompile Include="SourceFile\FBXData.cpp">
      <Filter>소스 파일\Mesh\FBXData</Filter>
    </ClCompile>
    <ClCompile Include="SourceFile\LevelData.cpp">
      <Filter>소스 파일\Mesh\LevelData</Filter>
    </ClCompile>
  </ItemGroup>
  <ItemGroup>
    <ResourceCompile Include="Morphosis.rc">
      <Filter>리소스 파일</Filter>
    </ResourceCompile>
  </ItemGroup>
  <ItemGroup>
    <Image Include="small.ico">
      <Filter>리소스 파일</Filter>
    </Image>
    <Image Include="Morphosis.ico">
      <Filter>리소스 파일</Filter>
    </Image>
  </ItemGroup>
  <ItemGroup>
    <ClInclude Include="SourceFile\Scene\Scene.h">
      <Filter>소스 파일\Scene</Filter>
    </ClInclude>
    <ClInclude Include="SourceFile\Mesh\Mesh.h">
      <Filter>소스 파일\Mesh</Filter>
    </ClInclude>
    <ClInclude Include="SourceFile\Mesh\Model.h">
      <Filter>소스 파일\Mesh</Filter>
    </ClInclude>
    <ClInclude Include="SourceFile\Material\Material.h">
      <Filter>소스 파일\Mesh</Filter>
    </ClInclude>
    <ClInclude Include="SourceFile\Framework\Framework.h">
      <Filter>소스 파일\Framework</Filter>
    </ClInclude>
    <ClInclude Include="SourceFile\DDSTextureLoader12.h">
      <Filter>소스 파일\DDSTextureLoader12</Filter>
    </ClInclude>
    <ClInclude Include="SourceFile\Camera\Camera.h">
      <Filter>소스 파일\Camera</Filter>
    </ClInclude>
    <ClInclude Include="SourceFile\Animation\AnimationData.h">
      <Filter>소스 파일\Animation</Filter>
    </ClInclude>
    <ClInclude Include="SourceFile\Importer\Importer.h">
      <Filter>소스 파일\Importer</Filter>
    </ClInclude>
    <ClInclude Include="SourceFile\Object\Object.h">
      <Filter>소스 파일\Object</Filter>
    </ClInclude>
    <ClInclude Include="SourceFile\PSO.h">
      <Filter>소스 파일\PSO</Filter>
    </ClInclude>
    <ClInclude Include="SourceFile\Timer\Timer.h">
      <Filter>소스 파일\Timer</Filter>
    </ClInclude>
    <ClInclude Include="SourceFile\d3dx12.h">
      <Filter>소스 파일</Filter>
    </ClInclude>
    <ClInclude Include="SourceFile\Morphosis.h">
      <Filter>소스 파일</Filter>
    </ClInclude>
    <ClInclude Include="SourceFile\stdafx.h">
      <Filter>소스 파일</Filter>
    </ClInclude>
    <ClInclude Include="SourceFile\targetver.h">
      <Filter>소스 파일</Filter>
    </ClInclude>
    <ClInclude Include="SourceFile\Resource.h">
      <Filter>소스 파일</Filter>
    </ClInclude>
    <ClInclude Include="SourceFile\Material\Texture.h">
      <Filter>소스 파일\Mesh</Filter>
    </ClInclude>
    <ClInclude Include="SourceFile\FBXData.h">
      <Filter>소스 파일\Mesh\FBXData</Filter>
    </ClInclude>
    <ClInclude Include="SourceFile\LevelData.h">
      <Filter>소스 파일\Mesh\LevelData</Filter>
    </ClInclude>
  </ItemGroup>
  <ItemGroup>
    <None Include="Hlsl\Header.hlsli" />
  </ItemGroup>
  <ItemGroup>
    <FxCompile Include="Hlsl\VertexShader.hlsl" />
    <FxCompile Include="Hlsl\PixelShader.hlsl" />
  </ItemGroup>
</Project>